
Microsoft Visual Studio Solution File, Format Version 12.00
# Visual Studio Version 17
VisualStudioVersion = 17.14.36414.22
MinimumVisualStudioVersion = 10.0.40219.1
Project("{FAE04EC0-301F-11D3-BF4B-00C04F79EFBC}") = "Layouts.StackLayout", "Layouts.StackLayout\Layouts.StackLayout.csproj", "{7AF4438F-0683-4252-8C4F-97EF27C4B335}"
EndProject
Project("{FAE04EC0-301F-11D3-BF4B-00C04F79EFBC}") = "Layouts.grid", "Layouts.grid\Layouts.grid.csproj", "{DD435C02-D63A-47D8-A967-863043B91863}"
EndProject
Global
	GlobalSection(SolutionConfigurationPlatforms) = preSolution
		Debug|Any CPU = Debug|Any CPU
		Release|Any CPU = Release|Any CPU
	EndGlobalSection
	GlobalSection(ProjectConfigurationPlatforms) = postSolution
		{7AF4438F-0683-4252-8C4F-97EF27C4B335}.Debug|Any CPU.ActiveCfg = Debug|Any CPU
		{7AF4438F-0683-4252-8C4F-97EF27C4B335}.Debug|Any CPU.Build.0 = Debug|Any CPU
		{7AF4438F-0683-4252-8C4F-97EF27C4B335}.Release|Any CPU.ActiveCfg = Release|Any CPU
		{7AF4438F-0683-4252-8C4F-97EF27C4B335}.Release|Any CPU.Build.0 = Release|Any CPU
		{DD435C02-D63A-47D8-A967-863043B91863}.Debug|Any CPU.ActiveCfg = Debug|Any CPU
		{DD435C02-D63A-47D8-A967-863043B91863}.Debug|Any CPU.Build.0 = Debug|Any CPU
		{DD435C02-D63A-47D8-A967-863043B91863}.Debug|Any CPU.Deploy.0 = Debug|Any CPU
		{DD435C02-D63A-47D8-A967-863043B91863}.Release|Any CPU.ActiveCfg = Release|Any CPU
		{DD435C02-D63A-47D8-A967-863043B91863}.Release|Any CPU.Build.0 = Release|Any CPU
	EndGlobalSection
	GlobalSection(SolutionProperties) = preSolution
		HideSolutionNode = FALSE
	EndGlobalSection
	GlobalSection(ExtensibilityGlobals) = postSolution
		SolutionGuid = {6F1BA3AA-BD16-4286-A8F2-0FC6601D739D}
	EndGlobalSection
EndGlobal
